// !$*UTF8*$!
{
	archiveVersion = 1;
	classes = {
	};
	objectVersion = 50;
	objects = {

/* Begin PBXBuildFile section */
		8632D32A245F50B60065AA00 /* DoubleChildViewController.swift in Sources */ = {isa = PBXBuildFile; fileRef = 8632D329245F50B60065AA00 /* DoubleChildViewController.swift */; };
		86BF51D8245D6B3C0004AA46 /* DimmPresentationViewController.swift in Sources */ = {isa = PBXBuildFile; fileRef = 86BF51D7245D6B3C0004AA46 /* DimmPresentationViewController.swift */; };
		86BF51DA245D86600004AA46 /* PresentAnimationRightSide.swift in Sources */ = {isa = PBXBuildFile; fileRef = 86BF51D9245D86600004AA46 /* PresentAnimationRightSide.swift */; };
		86BF51DC245D8D640004AA46 /* DismissAnimationRightSide.swift in Sources */ = {isa = PBXBuildFile; fileRef = 86BF51DB245D8D640004AA46 /* DismissAnimationRightSide.swift */; };
		86BF51DE245D96080004AA46 /* TransitionDriver.swift in Sources */ = {isa = PBXBuildFile; fileRef = 86BF51DD245D96080004AA46 /* TransitionDriver.swift */; };
		86BF51E0245E0B380004AA46 /* Extensions.swift in Sources */ = {isa = PBXBuildFile; fileRef = 86BF51DF245E0B380004AA46 /* Extensions.swift */; };
		86C26D892455D61C00D554C0 /* AppDelegate.swift in Sources */ = {isa = PBXBuildFile; fileRef = 86C26D882455D61C00D554C0 /* AppDelegate.swift */; };
		86C26D8B2455D61C00D554C0 /* SceneDelegate.swift in Sources */ = {isa = PBXBuildFile; fileRef = 86C26D8A2455D61C00D554C0 /* SceneDelegate.swift */; };
		86C26D8D2455D61C00D554C0 /* ContentView.swift in Sources */ = {isa = PBXBuildFile; fileRef = 86C26D8C2455D61C00D554C0 /* ContentView.swift */; };
		86C26D8F2455D62100D554C0 /* Assets.xcassets in Resources */ = {isa = PBXBuildFile; fileRef = 86C26D8E2455D62100D554C0 /* Assets.xcassets */; };
		86C26D922455D62100D554C0 /* Preview Assets.xcassets in Resources */ = {isa = PBXBuildFile; fileRef = 86C26D912455D62100D554C0 /* Preview Assets.xcassets */; };
		86C26D952455D62100D554C0 /* LaunchScreen.storyboard in Resources */ = {isa = PBXBuildFile; fileRef = 86C26D932455D62100D554C0 /* LaunchScreen.storyboard */; };
		86C26D9D2459FF0D00D554C0 /* PanelTransition.swift in Sources */ = {isa = PBXBuildFile; fileRef = 86C26D9C2459FF0D00D554C0 /* PanelTransition.swift */; };
		86C26D9F245A03B300D554C0 /* ParentViewController.swift in Sources */ = {isa = PBXBuildFile; fileRef = 86C26D9E245A03B300D554C0 /* ParentViewController.swift */; };
		86C26DA1245A046000D554C0 /* ChildViewController.swift in Sources */ = {isa = PBXBuildFile; fileRef = 86C26DA0245A046000D554C0 /* ChildViewController.swift */; };
		86C26DA3245A059F00D554C0 /* PresentationController.swift in Sources */ = {isa = PBXBuildFile; fileRef = 86C26DA2245A059F00D554C0 /* PresentationController.swift */; };
		86C57235245F5B9D002C0AC4 /* DismissAnimationLeftSide.swift in Sources */ = {isa = PBXBuildFile; fileRef = 86C57234245F5B9D002C0AC4 /* DismissAnimationLeftSide.swift */; };
		86C57237245F5BB3002C0AC4 /* PresentAnimationLeftSide.swift in Sources */ = {isa = PBXBuildFile; fileRef = 86C57236245F5BB3002C0AC4 /* PresentAnimationLeftSide.swift */; };
/* End PBXBuildFile section */

/* Begin PBXFileReference section */
		8632D329245F50B60065AA00 /* DoubleChildViewController.swift */ = {isa = PBXFileReference; lastKnownFileType = sourcecode.swift; path = DoubleChildViewController.swift; sourceTree = "<group>"; };
		86BF51D7245D6B3C0004AA46 /* DimmPresentationViewController.swift */ = {isa = PBXFileReference; lastKnownFileType = sourcecode.swift; path = DimmPresentationViewController.swift; sourceTree = "<group>"; };
		86BF51D9245D86600004AA46 /* PresentAnimationRightSide.swift */ = {isa = PBXFileReference; lastKnownFileType = sourcecode.swift; path = PresentAnimationRightSide.swift; sourceTree = "<group>"; };
		86BF51DB245D8D640004AA46 /* DismissAnimationRightSide.swift */ = {isa = PBXFileReference; lastKnownFileType = sourcecode.swift; path = DismissAnimationRightSide.swift; sourceTree = "<group>"; };
		86BF51DD245D96080004AA46 /* TransitionDriver.swift */ = {isa = PBXFileReference; lastKnownFileType = sourcecode.swift; path = TransitionDriver.swift; sourceTree = "<group>"; };
		86BF51DF245E0B380004AA46 /* Extensions.swift */ = {isa = PBXFileReference; lastKnownFileType = sourcecode.swift; path = Extensions.swift; sourceTree = "<group>"; };
		86C26D852455D61C00D554C0 /* CustomTransitionViewController.app */ = {isa = PBXFileReference; explicitFileType = wrapper.application; includeInIndex = 0; path = CustomTransitionViewController.app; sourceTree = BUILT_PRODUCTS_DIR; };
		86C26D882455D61C00D554C0 /* AppDelegate.swift */ = {isa = PBXFileReference; lastKnownFileType = sourcecode.swift; path = AppDelegate.swift; sourceTree = "<group>"; };
		86C26D8A2455D61C00D554C0 /* SceneDelegate.swift */ = {isa = PBXFileReference; lastKnownFileType = sourcecode.swift; path = SceneDelegate.swift; sourceTree = "<group>"; };
		86C26D8C2455D61C00D554C0 /* ContentView.swift */ = {isa = PBXFileReference; lastKnownFileType = sourcecode.swift; path = ContentView.swift; sourceTree = "<group>"; };
		86C26D8E2455D62100D554C0 /* Assets.xcassets */ = {isa = PBXFileReference; lastKnownFileType = folder.assetcatalog; path = Assets.xcassets; sourceTree = "<group>"; };
		86C26D912455D62100D554C0 /* Preview Assets.xcassets */ = {isa = PBXFileReference; lastKnownFileType = folder.assetcatalog; path = "Preview Assets.xcassets"; sourceTree = "<group>"; };
		86C26D942455D62100D554C0 /* Base */ = {isa = PBXFileReference; lastKnownFileType = file.storyboard; name = Base; path = Base.lproj/LaunchScreen.storyboard; sourceTree = "<group>"; };
		86C26D962455D62100D554C0 /* Info.plist */ = {isa = PBXFileReference; lastKnownFileType = text.plist.xml; path = Info.plist; sourceTree = "<group>"; };
		86C26D9C2459FF0D00D554C0 /* PanelTransition.swift */ = {isa = PBXFileReference; lastKnownFileType = sourcecode.swift; path = PanelTransition.swift; sourceTree = "<group>"; };
		86C26D9E245A03B300D554C0 /* ParentViewController.swift */ = {isa = PBXFileReference; lastKnownFileType = sourcecode.swift; path = ParentViewController.swift; sourceTree = "<group>"; };
		86C26DA0245A046000D554C0 /* ChildViewController.swift */ = {isa = PBXFileReference; lastKnownFileType = sourcecode.swift; path = ChildViewController.swift; sourceTree = "<group>"; };
		86C26DA2245A059F00D554C0 /* PresentationController.swift */ = {isa = PBXFileReference; lastKnownFileType = sourcecode.swift; path = PresentationController.swift; sourceTree = "<group>"; };
		86C57234245F5B9D002C0AC4 /* DismissAnimationLeftSide.swift */ = {isa = PBXFileReference; lastKnownFileType = sourcecode.swift; path = DismissAnimationLeftSide.swift; sourceTree = "<group>"; };
		86C57236245F5BB3002C0AC4 /* PresentAnimationLeftSide.swift */ = {isa = PBXFileReference; lastKnownFileType = sourcecode.swift; path = PresentAnimationLeftSide.swift; sourceTree = "<group>"; };
/* End PBXFileReference section */

/* Begin PBXFrameworksBuildPhase section */
		86C26D822455D61C00D554C0 /* Frameworks */ = {
			isa = PBXFrameworksBuildPhase;
			buildActionMask = 2147483647;
			files = (
			);
			runOnlyForDeploymentPostprocessing = 0;
		};
/* End PBXFrameworksBuildPhase section */

/* Begin PBXGroup section */
		86722EB3245EAD40002D0A86 /* ViewControllers */ = {
			isa = PBXGroup;
			children = (
				86C26D9E245A03B300D554C0 /* ParentViewController.swift */,
				86C26DA0245A046000D554C0 /* ChildViewController.swift */,
				8632D329245F50B60065AA00 /* DoubleChildViewController.swift */,
			);
			path = ViewControllers;
			sourceTree = "<group>";
		};
		86722EB4245EAD69002D0A86 /* Animations */ = {
			isa = PBXGroup;
			children = (
				86BF51DB245D8D640004AA46 /* DismissAnimationRightSide.swift */,
				86C57234245F5B9D002C0AC4 /* DismissAnimationLeftSide.swift */,
				86BF51D9245D86600004AA46 /* PresentAnimationRightSide.swift */,
				86C57236245F5BB3002C0AC4 /* PresentAnimationLeftSide.swift */,
			);
			path = Animations;
			sourceTree = "<group>";
		};
		86722EB5245EADA8002D0A86 /* PresentationControllers */ = {
			isa = PBXGroup;
			children = (
				86C26DA2245A059F00D554C0 /* PresentationController.swift */,
				86BF51D7245D6B3C0004AA46 /* DimmPresentationViewController.swift */,
			);
			path = PresentationControllers;
			sourceTree = "<group>";
		};
		86722EB6245EB025002D0A86 /* Transition */ = {
			isa = PBXGroup;
			children = (
				86C26D9C2459FF0D00D554C0 /* PanelTransition.swift */,
				86BF51DD245D96080004AA46 /* TransitionDriver.swift */,
				86BF51DF245E0B380004AA46 /* Extensions.swift */,
				86722EB5245EADA8002D0A86 /* PresentationControllers */,
				86722EB4245EAD69002D0A86 /* Animations */,
			);
			path = Transition;
			sourceTree = "<group>";
		};
		86C26D7C2455D61C00D554C0 = {
			isa = PBXGroup;
			children = (
				86C26D872455D61C00D554C0 /* CustomTransitionViewController */,
				86C26D862455D61C00D554C0 /* Products */,
			);
			sourceTree = "<group>";
		};
		86C26D862455D61C00D554C0 /* Products */ = {
			isa = PBXGroup;
			children = (
				86C26D852455D61C00D554C0 /* CustomTransitionViewController.app */,
			);
			name = Products;
			sourceTree = "<group>";
		};
		86C26D872455D61C00D554C0 /* CustomTransitionViewController */ = {
			isa = PBXGroup;
			children = (
				86C26D882455D61C00D554C0 /* AppDelegate.swift */,
				86C26D8A2455D61C00D554C0 /* SceneDelegate.swift */,
				86C26D8C2455D61C00D554C0 /* ContentView.swift */,
				86722EB3245EAD40002D0A86 /* ViewControllers */,
				86722EB6245EB025002D0A86 /* Transition */,
				86C26D8E2455D62100D554C0 /* Assets.xcassets */,
				86C26D932455D62100D554C0 /* LaunchScreen.storyboard */,
				86C26D962455D62100D554C0 /* Info.plist */,
				86C26D902455D62100D554C0 /* Preview Content */,
			);
			path = CustomTransitionViewController;
			sourceTree = "<group>";
		};
		86C26D902455D62100D554C0 /* Preview Content */ = {
			isa = PBXGroup;
			children = (
				86C26D912455D62100D554C0 /* Preview Assets.xcassets */,
			);
			path = "Preview Content";
			sourceTree = "<group>";
		};
/* End PBXGroup section */

/* Begin PBXNativeTarget section */
		86C26D842455D61C00D554C0 /* CustomTransitionViewController */ = {
			isa = PBXNativeTarget;
			buildConfigurationList = 86C26D992455D62100D554C0 /* Build configuration list for PBXNativeTarget "CustomTransitionViewController" */;
			buildPhases = (
				86C26D812455D61C00D554C0 /* Sources */,
				86C26D822455D61C00D554C0 /* Frameworks */,
				86C26D832455D61C00D554C0 /* Resources */,
			);
			buildRules = (
			);
			dependencies = (
			);
			name = CustomTransitionViewController;
			productName = CustomTransitionViewController;
			productReference = 86C26D852455D61C00D554C0 /* CustomTransitionViewController.app */;
			productType = "com.apple.product-type.application";
		};
/* End PBXNativeTarget section */

/* Begin PBXProject section */
		86C26D7D2455D61C00D554C0 /* Project object */ = {
			isa = PBXProject;
			attributes = {
				LastSwiftUpdateCheck = 1140;
				LastUpgradeCheck = 1140;
				ORGANIZATIONNAME = "Radislav Gaynanov";
				TargetAttributes = {
					86C26D842455D61C00D554C0 = {
						CreatedOnToolsVersion = 11.4;
					};
				};
			};
			buildConfigurationList = 86C26D802455D61C00D554C0 /* Build configuration list for PBXProject "CustomTransitionViewController" */;
			compatibilityVersion = "Xcode 9.3";
			developmentRegion = en;
			hasScannedForEncodings = 0;
			knownRegions = (
				en,
				Base,
			);
			mainGroup = 86C26D7C2455D61C00D554C0;
			productRefGroup = 86C26D862455D61C00D554C0 /* Products */;
			projectDirPath = "";
			projectRoot = "";
			targets = (
				86C26D842455D61C00D554C0 /* CustomTransitionViewController */,
			);
		};
/* End PBXProject section */

/* Begin PBXResourcesBuildPhase section */
		86C26D832455D61C00D554C0 /* Resources */ = {
			isa = PBXResourcesBuildPhase;
			buildActionMask = 2147483647;
			files = (
				86C26D952455D62100D554C0 /* LaunchScreen.storyboard in Resources */,
				86C26D922455D62100D554C0 /* Preview Assets.xcassets in Resources */,
				86C26D8F2455D62100D554C0 /* Assets.xcassets in Resources */,
			);
			runOnlyForDeploymentPostprocessing = 0;
		};
/* End PBXResourcesBuildPhase section */

/* Begin PBXSourcesBuildPhase section */
		86C26D812455D61C00D554C0 /* Sources */ = {
			isa = PBXSourcesBuildPhase;
			buildActionMask = 2147483647;
			files = (
				86C26D892455D61C00D554C0 /* AppDelegate.swift in Sources */,
				86BF51DC245D8D640004AA46 /* DismissAnimationRightSide.swift in Sources */,
				86BF51D8245D6B3C0004AA46 /* DimmPresentationViewController.swift in Sources */,
				86C26D9F245A03B300D554C0 /* ParentViewController.swift in Sources */,
				86C26DA3245A059F00D554C0 /* PresentationController.swift in Sources */,
				86C26D8B2455D61C00D554C0 /* SceneDelegate.swift in Sources */,
				86C26D8D2455D61C00D554C0 /* ContentView.swift in Sources */,
				86BF51DE245D96080004AA46 /* TransitionDriver.swift in Sources */,
				86C26D9D2459FF0D00D554C0 /* PanelTransition.swift in Sources */,
				86C57237245F5BB3002C0AC4 /* PresentAnimationLeftSide.swift in Sources */,
				86BF51DA245D86600004AA46 /* PresentAnimationRightSide.swift in Sources */,
				8632D32A245F50B60065AA00 /* DoubleChildViewController.swift in Sources */,
				86C57235245F5B9D002C0AC4 /* DismissAnimationLeftSide.swift in Sources */,
				86BF51E0245E0B380004AA46 /* Extensions.swift in Sources */,
				86C26DA1245A046000D554C0 /* ChildViewController.swift in Sources */,
			);
			runOnlyForDeploymentPostprocessing = 0;
		};
/* End PBXSourcesBuildPhase section */

/* Begin PBXVariantGroup section */
		86C26D932455D62100D554C0 /* LaunchScreen.storyboard */ = {
			isa = PBXVariantGroup;
			children = (
				86C26D942455D62100D554C0 /* Base */,
			);
			name = LaunchScreen.storyboard;
			sourceTree = "<group>";
		};
/* End PBXVariantGroup section */

/* Begin XCBuildConfiguration section */
		86C26D972455D62100D554C0 /* Debug */ = {
			isa = XCBuildConfiguration;
			buildSettings = {
				ALWAYS_SEARCH_USER_PATHS = NO;
				CLANG_ANALYZER_NONNULL = YES;
				CLANG_ANALYZER_NUMBER_OBJECT_CONVERSION = YES_AGGRESSIVE;
				CLANG_CXX_LANGUAGE_STANDARD = "gnu++14";
				CLANG_CXX_LIBRARY = "libc++";
				CLANG_ENABLE_MODULES = YES;
				CLANG_ENABLE_OBJC_ARC = YES;
				CLANG_ENABLE_OBJC_WEAK = YES;
				CLANG_WARN_BLOCK_CAPTURE_AUTORELEASING = YES;
				CLANG_WARN_BOOL_CONVERSION = YES;
				CLANG_WARN_COMMA = YES;
				CLANG_WARN_CONSTANT_CONVERSION = YES;
				CLANG_WARN_DEPRECATED_OBJC_IMPLEMENTATIONS = YES;
				CLANG_WARN_DIRECT_OBJC_ISA_USAGE = YES_ERROR;
				CLANG_WARN_DOCUMENTATION_COMMENTS = YES;
				CLANG_WARN_EMPTY_BODY = YES;
				CLANG_WARN_ENUM_CONVERSION = YES;
				CLANG_WARN_INFINITE_RECURSION = YES;
				CLANG_WARN_INT_CONVERSION = YES;
				CLANG_WARN_NON_LITERAL_NULL_CONVERSION = YES;
				CLANG_WARN_OBJC_IMPLICIT_RETAIN_SELF = YES;
				CLANG_WARN_OBJC_LITERAL_CONVERSION = YES;
				CLANG_WARN_OBJC_ROOT_CLASS = YES_ERROR;
				CLANG_WARN_RANGE_LOOP_ANALYSIS = YES;
				CLANG_WARN_STRICT_PROTOTYPES = YES;
				CLANG_WARN_SUSPICIOUS_MOVE = YES;
				CLANG_WARN_UNGUARDED_AVAILABILITY = YES_AGGRESSIVE;
				CLANG_WARN_UNREACHABLE_CODE = YES;
				CLANG_WARN__DUPLICATE_METHOD_MATCH = YES;
				COPY_PHASE_STRIP = NO;
				DEBUG_INFORMATION_FORMAT = dwarf;
				ENABLE_STRICT_OBJC_MSGSEND = YES;
				ENABLE_TESTABILITY = YES;
				GCC_C_LANGUAGE_STANDARD = gnu11;
				GCC_DYNAMIC_NO_PIC = NO;
				GCC_NO_COMMON_BLOCKS = YES;
				GCC_OPTIMIZATION_LEVEL = 0;
				GCC_PREPROCESSOR_DEFINITIONS = (
					"DEBUG=1",
					"$(inherited)",
				);
				GCC_WARN_64_TO_32_BIT_CONVERSION = YES;
				GCC_WARN_ABOUT_RETURN_TYPE = YES_ERROR;
				GCC_WARN_UNDECLARED_SELECTOR = YES;
				GCC_WARN_UNINITIALIZED_AUTOS = YES_AGGRESSIVE;
				GCC_WARN_UNUSED_FUNCTION = YES;
				GCC_WARN_UNUSED_VARIABLE = YES;
				IPHONEOS_DEPLOYMENT_TARGET = 13.4;
				MTL_ENABLE_DEBUG_INFO = INCLUDE_SOURCE;
				MTL_FAST_MATH = YES;
				ONLY_ACTIVE_ARCH = YES;
				SDKROOT = iphoneos;
				SWIFT_ACTIVE_COMPILATION_CONDITIONS = DEBUG;
				SWIFT_OPTIMIZATION_LEVEL = "-Onone";
			};
			name = Debug;
		};
		86C26D982455D62100D554C0 /* Release */ = {
			isa = XCBuildConfiguration;
			buildSettings = {
				ALWAYS_SEARCH_USER_PATHS = NO;
				CLANG_ANALYZER_NONNULL = YES;
				CLANG_ANALYZER_NUMBER_OBJECT_CONVERSION = YES_AGGRESSIVE;
				CLANG_CXX_LANGUAGE_STANDARD = "gnu++14";
				CLANG_CXX_LIBRARY = "libc++";
				CLANG_ENABLE_MODULES = YES;
				CLANG_ENABLE_OBJC_ARC = YES;
				CLANG_ENABLE_OBJC_WEAK = YES;
				CLANG_WARN_BLOCK_CAPTURE_AUTORELEASING = YES;
				CLANG_WARN_BOOL_CONVERSION = YES;
				CLANG_WARN_COMMA = YES;
				CLANG_WARN_CONSTANT_CONVERSION = YES;
				CLANG_WARN_DEPRECATED_OBJC_IMPLEMENTATIONS = YES;
				CLANG_WARN_DIRECT_OBJC_ISA_USAGE = YES_ERROR;
				CLANG_WARN_DOCUMENTATION_COMMENTS = YES;
				CLANG_WARN_EMPTY_BODY = YES;
				CLANG_WARN_ENUM_CONVERSION = YES;
				CLANG_WARN_INFINITE_RECURSION = YES;
				CLANG_WARN_INT_CONVERSION = YES;
				CLANG_WARN_NON_LITERAL_NULL_CONVERSION = YES;
				CLANG_WARN_OBJC_IMPLICIT_RETAIN_SELF = YES;
				CLANG_WARN_OBJC_LITERAL_CONVERSION = YES;
				CLANG_WARN_OBJC_ROOT_CLASS = YES_ERROR;
				CLANG_WARN_RANGE_LOOP_ANALYSIS = YES;
				CLANG_WARN_STRICT_PROTOTYPES = YES;
				CLANG_WARN_SUSPICIOUS_MOVE = YES;
				CLANG_WARN_UNGUARDED_AVAILABILITY = YES_AGGRESSIVE;
				CLANG_WARN_UNREACHABLE_CODE = YES;
				CLANG_WARN__DUPLICATE_METHOD_MATCH = YES;
				COPY_PHASE_STRIP = NO;
				DEBUG_INFORMATION_FORMAT = "dwarf-with-dsym";
				ENABLE_NS_ASSERTIONS = NO;
				ENABLE_STRICT_OBJC_MSGSEND = YES;
				GCC_C_LANGUAGE_STANDARD = gnu11;
				GCC_NO_COMMON_BLOCKS = YES;
				GCC_WARN_64_TO_32_BIT_CONVERSION = YES;
				GCC_WARN_ABOUT_RETURN_TYPE = YES_ERROR;
				GCC_WARN_UNDECLARED_SELECTOR = YES;
				GCC_WARN_UNINITIALIZED_AUTOS = YES_AGGRESSIVE;
				GCC_WARN_UNUSED_FUNCTION = YES;
				GCC_WARN_UNUSED_VARIABLE = YES;
				IPHONEOS_DEPLOYMENT_TARGET = 13.4;
				MTL_ENABLE_DEBUG_INFO = NO;
				MTL_FAST_MATH = YES;
				SDKROOT = iphoneos;
				SWIFT_COMPILATION_MODE = wholemodule;
				SWIFT_OPTIMIZATION_LEVEL = "-O";
				VALIDATE_PRODUCT = YES;
			};
			name = Release;
		};
		86C26D9A2455D62100D554C0 /* Debug */ = {
			isa = XCBuildConfiguration;
			buildSettings = {
				ASSETCATALOG_COMPILER_APPICON_NAME = AppIcon;
				CODE_SIGN_STYLE = Automatic;
				DEVELOPMENT_ASSET_PATHS = "\"CustomTransitionViewController/Preview Content\"";
				ENABLE_PREVIEWS = YES;
				INFOPLIST_FILE = CustomTransitionViewController/Info.plist;
				LD_RUNPATH_SEARCH_PATHS = (
					"$(inherited)",
					"@executable_path/Frameworks",
				);
				PRODUCT_BUNDLE_IDENTIFIER = com.jerardev.CustomTransitionViewController;
				PRODUCT_NAME = "$(TARGET_NAME)";
				SWIFT_VERSION = 5.0;
				TARGETED_DEVICE_FAMILY = "1,2";
			};
			name = Debug;
		};
		86C26D9B2455D62100D554C0 /* Release */ = {
			isa = XCBuildConfiguration;
			buildSettings = {
				ASSETCATALOG_COMPILER_APPICON_NAME = AppIcon;
				CODE_SIGN_STYLE = Automatic;
				DEVELOPMENT_ASSET_PATHS = "\"CustomTransitionViewController/Preview Content\"";
				ENABLE_PREVIEWS = YES;
				INFOPLIST_FILE = CustomTransitionViewController/Info.plist;
				LD_RUNPATH_SEARCH_PATHS = (
					"$(inherited)",
					"@executable_path/Frameworks",
				);
				PRODUCT_BUNDLE_IDENTIFIER = com.jerardev.CustomTransitionViewController;
				PRODUCT_NAME = "$(TARGET_NAME)";
				SWIFT_VERSION = 5.0;
				TARGETED_DEVICE_FAMILY = "1,2";
			};
			name = Release;
		};
/* End XCBuildConfiguration section */

/* Begin XCConfigurationList section */
		86C26D802455D61C00D554C0 /* Build configuration list for PBXProject "CustomTransitionViewController" */ = {
			isa = XCConfigurationList;
			buildConfigurations = (
				86C26D972455D62100D554C0 /* Debug */,
				86C26D982455D62100D554C0 /* Release */,
			);
			defaultConfigurationIsVisible = 0;
			defaultConfigurationName = Release;
		};
		86C26D992455D62100D554C0 /* Build configuration list for PBXNativeTarget "CustomTransitionViewController" */ = {
			isa = XCConfigurationList;
			buildConfigurations = (
				86C26D9A2455D62100D554C0 /* Debug */,
				86C26D9B2455D62100D554C0 /* Release */,
			);
			defaultConfigurationIsVisible = 0;
			defaultConfigurationName = Release;
		};
/* End XCConfigurationList section */
	};
	rootObject = 86C26D7D2455D61C00D554C0 /* Project object */;
}
